// !$*UTF8*$!
{
	archiveVersion = 1;
	classes = {
	};
	objectVersion = 55;
	objects = {

/* Begin PBXBuildFile section */
		66832A9A2883B98B004B2B55 /* AppDelegate.swift in Sources */ = {isa = PBXBuildFile; fileRef = 66832A992883B98B004B2B55 /* AppDelegate.swift */; };
		66832A9C2883B98B004B2B55 /* SceneDelegate.swift in Sources */ = {isa = PBXBuildFile; fileRef = 66832A9B2883B98B004B2B55 /* SceneDelegate.swift */; };
		66832A9E2883B98B004B2B55 /* PictureOfTheDayVC.swift in Sources */ = {isa = PBXBuildFile; fileRef = 66832A9D2883B98B004B2B55 /* PictureOfTheDayVC.swift */; };
		66832AA12883B98B004B2B55 /* Main.storyboard in Resources */ = {isa = PBXBuildFile; fileRef = 66832A9F2883B98B004B2B55 /* Main.storyboard */; };
		66832AA62883B98C004B2B55 /* Assets.xcassets in Resources */ = {isa = PBXBuildFile; fileRef = 66832AA52883B98C004B2B55 /* Assets.xcassets */; };
		66832AA92883B98C004B2B55 /* LaunchScreen.storyboard in Resources */ = {isa = PBXBuildFile; fileRef = 66832AA72883B98C004B2B55 /* LaunchScreen.storyboard */; };
		66832AB42883B98D004B2B55 /* NASATests.swift in Sources */ = {isa = PBXBuildFile; fileRef = 66832AB32883B98D004B2B55 /* NASATests.swift */; };
		66832ABE2883B98D004B2B55 /* NASAUITests.swift in Sources */ = {isa = PBXBuildFile; fileRef = 66832ABD2883B98D004B2B55 /* NASAUITests.swift */; };
		66832AC02883B98D004B2B55 /* NASAUITestsLaunchTests.swift in Sources */ = {isa = PBXBuildFile; fileRef = 66832ABF2883B98D004B2B55 /* NASAUITestsLaunchTests.swift */; };
		66832AD32883BCEC004B2B55 /* DataDownloadService.swift in Sources */ = {isa = PBXBuildFile; fileRef = 66832AD22883BCEC004B2B55 /* DataDownloadService.swift */; };
		66832AD52883BD33004B2B55 /* NASADownloadService.swift in Sources */ = {isa = PBXBuildFile; fileRef = 66832AD42883BD33004B2B55 /* NASADownloadService.swift */; };
		66832AD72883BD57004B2B55 /* ImageDownloadService.swift in Sources */ = {isa = PBXBuildFile; fileRef = 66832AD62883BD57004B2B55 /* ImageDownloadService.swift */; };
		66832AD92883BE3B004B2B55 /* ImageDownloadServiceImpl.swift in Sources */ = {isa = PBXBuildFile; fileRef = 66832AD82883BE3B004B2B55 /* ImageDownloadServiceImpl.swift */; };
		66832ADC2883BE86004B2B55 /* URLFactoryImpl.swift in Sources */ = {isa = PBXBuildFile; fileRef = 66832ADB2883BE86004B2B55 /* URLFactoryImpl.swift */; };
		66832ADE2883BECA004B2B55 /* URLFactory.swift in Sources */ = {isa = PBXBuildFile; fileRef = 66832ADD2883BECA004B2B55 /* URLFactory.swift */; };
		66832AE02883BEF7004B2B55 /* DateFactory.swift in Sources */ = {isa = PBXBuildFile; fileRef = 66832ADF2883BEF7004B2B55 /* DateFactory.swift */; };
		66832AE22883BF27004B2B55 /* UIViewControllerFactory.swift in Sources */ = {isa = PBXBuildFile; fileRef = 66832AE12883BF27004B2B55 /* UIViewControllerFactory.swift */; };
		66832AE42883BF5D004B2B55 /* UIViewControllerFactoryImpl.swift in Sources */ = {isa = PBXBuildFile; fileRef = 66832AE32883BF5D004B2B55 /* UIViewControllerFactoryImpl.swift */; };
		66832AE72883C10C004B2B55 /* FavouriteTable.swift in Sources */ = {isa = PBXBuildFile; fileRef = 66832AE62883C10C004B2B55 /* FavouriteTable.swift */; };
		66832AE92883C126004B2B55 /* PictureOfTheDay.swift in Sources */ = {isa = PBXBuildFile; fileRef = 66832AE82883C126004B2B55 /* PictureOfTheDay.swift */; };
		66832AEC2883C1EE004B2B55 /* QueryType.swift in Sources */ = {isa = PBXBuildFile; fileRef = 66832AEB2883C1EE004B2B55 /* QueryType.swift */; };
		66832AEE2883C22E004B2B55 /* URLComponentsProvider.swift in Sources */ = {isa = PBXBuildFile; fileRef = 66832AED2883C22E004B2B55 /* URLComponentsProvider.swift */; };
		66832AF02883C250004B2B55 /* URLComponentsProviderImpl.swift in Sources */ = {isa = PBXBuildFile; fileRef = 66832AEF2883C250004B2B55 /* URLComponentsProviderImpl.swift */; };
		66832AF22883C272004B2B55 /* URLQueryItemProviderImpl.swift in Sources */ = {isa = PBXBuildFile; fileRef = 66832AF12883C272004B2B55 /* URLQueryItemProviderImpl.swift */; };
		66832AF42883C28F004B2B55 /* URLQueryItemProvider.swift in Sources */ = {isa = PBXBuildFile; fileRef = 66832AF32883C28F004B2B55 /* URLQueryItemProvider.swift */; };
		66832AF62883C3F1004B2B55 /* DateFactoryImpl.swift in Sources */ = {isa = PBXBuildFile; fileRef = 66832AF52883C3F1004B2B55 /* DateFactoryImpl.swift */; };
		66832AF92883C4B5004B2B55 /* DateParser.swift in Sources */ = {isa = PBXBuildFile; fileRef = 66832AF82883C4B5004B2B55 /* DateParser.swift */; };
		66832AFB2883C4F0004B2B55 /* DateParserImpl.swift in Sources */ = {isa = PBXBuildFile; fileRef = 66832AFA2883C4F0004B2B55 /* DateParserImpl.swift */; };
		66832AFF2883C73B004B2B55 /* URLComponentsValidator.swift in Sources */ = {isa = PBXBuildFile; fileRef = 66832AFE2883C73B004B2B55 /* URLComponentsValidator.swift */; };
		66832B012883C755004B2B55 /* URLComponentsValidatorImpl.swift in Sources */ = {isa = PBXBuildFile; fileRef = 66832B002883C755004B2B55 /* URLComponentsValidatorImpl.swift */; };
		66832B032883C76E004B2B55 /* URLValidator.swift in Sources */ = {isa = PBXBuildFile; fileRef = 66832B022883C76E004B2B55 /* URLValidator.swift */; };
		66832B052883C787004B2B55 /* URLValidatorImpl.swift in Sources */ = {isa = PBXBuildFile; fileRef = 66832B042883C787004B2B55 /* URLValidatorImpl.swift */; };
		66832B072883C7A0004B2B55 /* URLSessionValidator.swift in Sources */ = {isa = PBXBuildFile; fileRef = 66832B062883C7A0004B2B55 /* URLSessionValidator.swift */; };
		66832B092883C7B8004B2B55 /* URLSessionValidatorImpl.swift in Sources */ = {isa = PBXBuildFile; fileRef = 66832B082883C7B8004B2B55 /* URLSessionValidatorImpl.swift */; };
		66832B0C2883C839004B2B55 /* DateParserValidator.swift in Sources */ = {isa = PBXBuildFile; fileRef = 66832B0B2883C839004B2B55 /* DateParserValidator.swift */; };
		66832B0E2883C84C004B2B55 /* DateParserValidatorImpl.swift in Sources */ = {isa = PBXBuildFile; fileRef = 66832B0D2883C84C004B2B55 /* DateParserValidatorImpl.swift */; };
		66832B102883C86A004B2B55 /* DateValidator.swift in Sources */ = {isa = PBXBuildFile; fileRef = 66832B0F2883C86A004B2B55 /* DateValidator.swift */; };
		66832B122883C888004B2B55 /* DateValidatorImpl.swift in Sources */ = {isa = PBXBuildFile; fileRef = 66832B112883C888004B2B55 /* DateValidatorImpl.swift */; };
		66832B152883C8AD004B2B55 /* Reachability.swift in Sources */ = {isa = PBXBuildFile; fileRef = 66832B142883C8AD004B2B55 /* Reachability.swift */; };
		66832B182883C99E004B2B55 /* EntityValidator.swift in Sources */ = {isa = PBXBuildFile; fileRef = 66832B172883C99E004B2B55 /* EntityValidator.swift */; };
		66832B1A2883C9BD004B2B55 /* EntityValidatorImpl.swift in Sources */ = {isa = PBXBuildFile; fileRef = 66832B192883C9BD004B2B55 /* EntityValidatorImpl.swift */; };
		66832B1C2883C9D7004B2B55 /* UIViewControllerValidator.swift in Sources */ = {isa = PBXBuildFile; fileRef = 66832B1B2883C9D7004B2B55 /* UIViewControllerValidator.swift */; };
		66832B1E2883C9E9004B2B55 /* UIViewControllerValidatorImpl.swift in Sources */ = {isa = PBXBuildFile; fileRef = 66832B1D2883C9E9004B2B55 /* UIViewControllerValidatorImpl.swift */; };
		66832B212883CA3A004B2B55 /* JSONSerializer.swift in Sources */ = {isa = PBXBuildFile; fileRef = 66832B202883CA3A004B2B55 /* JSONSerializer.swift */; };
		66832B232883CA55004B2B55 /* Serializer.swift in Sources */ = {isa = PBXBuildFile; fileRef = 66832B222883CA55004B2B55 /* Serializer.swift */; };
		66832B262883CADF004B2B55 /* PictureOfTheDayViewModel.swift in Sources */ = {isa = PBXBuildFile; fileRef = 66832B252883CADF004B2B55 /* PictureOfTheDayViewModel.swift */; };
		66832B36288428A7004B2B55 /* NASA.xcdatamodeld in Sources */ = {isa = PBXBuildFile; fileRef = 66832AA22883B98B004B2B55 /* NASA.xcdatamodeld */; };
		668F25B7288431D20007C7BA /* DailyPicture+CoreDataClass.swift in Sources */ = {isa = PBXBuildFile; fileRef = 668F25B5288431D20007C7BA /* DailyPicture+CoreDataClass.swift */; };
		668F25B8288431D20007C7BA /* DailyPicture+CoreDataProperties.swift in Sources */ = {isa = PBXBuildFile; fileRef = 668F25B6288431D20007C7BA /* DailyPicture+CoreDataProperties.swift */; };
		668F25BA288432A10007C7BA /* PictureRepository.swift in Sources */ = {isa = PBXBuildFile; fileRef = 668F25B9288432A10007C7BA /* PictureRepository.swift */; };
		668F25BC288433DC0007C7BA /* PictureRepositoryImpl.swift in Sources */ = {isa = PBXBuildFile; fileRef = 668F25BB288433DC0007C7BA /* PictureRepositoryImpl.swift */; };
		668F25BE288434960007C7BA /* PersistenceServices.swift in Sources */ = {isa = PBXBuildFile; fileRef = 668F25BD288434960007C7BA /* PersistenceServices.swift */; };
		668F25C228843AF60007C7BA /* FavouriteListVC.swift in Sources */ = {isa = PBXBuildFile; fileRef = 668F25C128843AF60007C7BA /* FavouriteListVC.swift */; };
		668F25C428843C6D0007C7BA /* FavouriteListViewModel.swift in Sources */ = {isa = PBXBuildFile; fileRef = 668F25C328843C6D0007C7BA /* FavouriteListViewModel.swift */; };
		668F25C728843E5C0007C7BA /* FavouritesCell.swift in Sources */ = {isa = PBXBuildFile; fileRef = 668F25C628843E5C0007C7BA /* FavouritesCell.swift */; };
		668F25C9288519020007C7BA /* FavouriteVC.swift in Sources */ = {isa = PBXBuildFile; fileRef = 668F25C8288519020007C7BA /* FavouriteVC.swift */; };
		668F25CB28851BBA0007C7BA /* FavouriteViewModel.swift in Sources */ = {isa = PBXBuildFile; fileRef = 668F25CA28851BBA0007C7BA /* FavouriteViewModel.swift */; };
		668F25E2288532020007C7BA /* ImageDownloadServiceImplTest.swift in Sources */ = {isa = PBXBuildFile; fileRef = 668F25CD288532010007C7BA /* ImageDownloadServiceImplTest.swift */; };
		668F25E3288532020007C7BA /* NASADownloadServiceTest.swift in Sources */ = {isa = PBXBuildFile; fileRef = 668F25CE288532010007C7BA /* NASADownloadServiceTest.swift */; };
		668F25E4288532020007C7BA /* DateParserImplTest.swift in Sources */ = {isa = PBXBuildFile; fileRef = 668F25D0288532020007C7BA /* DateParserImplTest.swift */; };
		668F25E5288532020007C7BA /* URLComponentsProviderImplTest.swift in Sources */ = {isa = PBXBuildFile; fileRef = 668F25D2288532020007C7BA /* URLComponentsProviderImplTest.swift */; };
		668F25E6288532020007C7BA /* URLQueryItemProviderImplTest.swift in Sources */ = {isa = PBXBuildFile; fileRef = 668F25D3288532020007C7BA /* URLQueryItemProviderImplTest.swift */; };
		668F25E7288532020007C7BA /* DateValidatorImplTest.swift in Sources */ = {isa = PBXBuildFile; fileRef = 668F25D5288532020007C7BA /* DateValidatorImplTest.swift */; };
		668F25E8288532020007C7BA /* URLComponentsValidatorImplTest.swift in Sources */ = {isa = PBXBuildFile; fileRef = 668F25D6288532020007C7BA /* URLComponentsValidatorImplTest.swift */; };
		668F25E9288532020007C7BA /* URLSessionValidatorImplTest.swift in Sources */ = {isa = PBXBuildFile; fileRef = 668F25D7288532020007C7BA /* URLSessionValidatorImplTest.swift */; };
		668F25EA288532020007C7BA /* URLValidatorImplTest.swift in Sources */ = {isa = PBXBuildFile; fileRef = 668F25D8288532020007C7BA /* URLValidatorImplTest.swift */; };
		668F25EB288532020007C7BA /* DateParserValidatorImplTest.swift in Sources */ = {isa = PBXBuildFile; fileRef = 668F25D9288532020007C7BA /* DateParserValidatorImplTest.swift */; };
		668F25ED288532020007C7BA /* EntityValidatorImplTest.swift in Sources */ = {isa = PBXBuildFile; fileRef = 668F25DB288532020007C7BA /* EntityValidatorImplTest.swift */; };
		668F25EE288532020007C7BA /* JSONSerializerTest.swift in Sources */ = {isa = PBXBuildFile; fileRef = 668F25DD288532020007C7BA /* JSONSerializerTest.swift */; };
		668F25EF288532020007C7BA /* DateFactoryImplTest.swift in Sources */ = {isa = PBXBuildFile; fileRef = 668F25DF288532020007C7BA /* DateFactoryImplTest.swift */; };
		668F25F1288532020007C7BA /* URLFactoryImplTest.swift in Sources */ = {isa = PBXBuildFile; fileRef = 668F25E1288532020007C7BA /* URLFactoryImplTest.swift */; };
/* End PBXBuildFile section */

/* Begin PBXContainerItemProxy section */
		66832AB02883B98D004B2B55 /* PBXContainerItemProxy */ = {
			isa = PBXContainerItemProxy;
			containerPortal = 66832A8E2883B98B004B2B55 /* Project object */;
			proxyType = 1;
			remoteGlobalIDString = 66832A952883B98B004B2B55;
			remoteInfo = NASA;
		};
		66832ABA2883B98D004B2B55 /* PBXContainerItemProxy */ = {
			isa = PBXContainerItemProxy;
			containerPortal = 66832A8E2883B98B004B2B55 /* Project object */;
			proxyType = 1;
			remoteGlobalIDString = 66832A952883B98B004B2B55;
			remoteInfo = NASA;
		};
/* End PBXContainerItemProxy section */

/* Begin PBXFileReference section */
		66832A962883B98B004B2B55 /* NASA.app */ = {isa = PBXFileReference; explicitFileType = wrapper.application; includeInIndex = 0; path = NASA.app; sourceTree = BUILT_PRODUCTS_DIR; };
		66832A992883B98B004B2B55 /* AppDelegate.swift */ = {isa = PBXFileReference; lastKnownFileType = sourcecode.swift; path = AppDelegate.swift; sourceTree = "<group>"; };
		66832A9B2883B98B004B2B55 /* SceneDelegate.swift */ = {isa = PBXFileReference; lastKnownFileType = sourcecode.swift; path = SceneDelegate.swift; sourceTree = "<group>"; };
		66832A9D2883B98B004B2B55 /* PictureOfTheDayVC.swift */ = {isa = PBXFileReference; lastKnownFileType = sourcecode.swift; path = PictureOfTheDayVC.swift; sourceTree = "<group>"; };
		66832AA02883B98B004B2B55 /* Base */ = {isa = PBXFileReference; lastKnownFileType = file.storyboard; name = Base; path = Base.lproj/Main.storyboard; sourceTree = "<group>"; };
		66832AA32883B98B004B2B55 /* NASA.xcdatamodel */ = {isa = PBXFileReference; lastKnownFileType = wrapper.xcdatamodel; path = NASA.xcdatamodel; sourceTree = "<group>"; };
		66832AA52883B98C004B2B55 /* Assets.xcassets */ = {isa = PBXFileReference; lastKnownFileType = folder.assetcatalog; path = Assets.xcassets; sourceTree = "<group>"; };
		66832AA82883B98C004B2B55 /* Base */ = {isa = PBXFileReference; lastKnownFileType = file.storyboard; name = Base; path = Base.lproj/LaunchScreen.storyboard; sourceTree = "<group>"; };
		66832AAA2883B98C004B2B55 /* Info.plist */ = {isa = PBXFileReference; lastKnownFileType = text.plist.xml; path = Info.plist; sourceTree = "<group>"; };
		66832AAF2883B98D004B2B55 /* NASATests.xctest */ = {isa = PBXFileReference; explicitFileType = wrapper.cfbundle; includeInIndex = 0; path = NASATests.xctest; sourceTree = BUILT_PRODUCTS_DIR; };
		66832AB32883B98D004B2B55 /* NASATests.swift */ = {isa = PBXFileReference; lastKnownFileType = sourcecode.swift; path = NASATests.swift; sourceTree = "<group>"; };
		66832AB92883B98D004B2B55 /* NASAUITests.xctest */ = {isa = PBXFileReference; explicitFileType = wrapper.cfbundle; includeInIndex = 0; path = NASAUITests.xctest; sourceTree = BUILT_PRODUCTS_DIR; };
		66832ABD2883B98D004B2B55 /* NASAUITests.swift */ = {isa = PBXFileReference; lastKnownFileType = sourcecode.swift; path = NASAUITests.swift; sourceTree = "<group>"; };
		66832ABF2883B98D004B2B55 /* NASAUITestsLaunchTests.swift */ = {isa = PBXFileReference; lastKnownFileType = sourcecode.swift; path = NASAUITestsLaunchTests.swift; sourceTree = "<group>"; };
		66832AD22883BCEC004B2B55 /* DataDownloadService.swift */ = {isa = PBXFileReference; lastKnownFileType = sourcecode.swift; path = DataDownloadService.swift; sourceTree = "<group>"; };
		66832AD42883BD33004B2B55 /* NASADownloadService.swift */ = {isa = PBXFileReference; lastKnownFileType = sourcecode.swift; path = NASADownloadService.swift; sourceTree = "<group>"; };
		66832AD62883BD57004B2B55 /* ImageDownloadService.swift */ = {isa = PBXFileReference; lastKnownFileType = sourcecode.swift; path = ImageDownloadService.swift; sourceTree = "<group>"; };
		66832AD82883BE3B004B2B55 /* ImageDownloadServiceImpl.swift */ = {isa = PBXFileReference; lastKnownFileType = sourcecode.swift; path = ImageDownloadServiceImpl.swift; sourceTree = "<group>"; };
		66832ADB2883BE86004B2B55 /* URLFactoryImpl.swift */ = {isa = PBXFileReference; lastKnownFileType = sourcecode.swift; path = URLFactoryImpl.swift; sourceTree = "<group>"; };
		66832ADD2883BECA004B2B55 /* URLFactory.swift */ = {isa = PBXFileReference; lastKnownFileType = sourcecode.swift; path = URLFactory.swift; sourceTree = "<group>"; };
		66832ADF2883BEF7004B2B55 /* DateFactory.swift */ = {isa = PBXFileReference; lastKnownFileType = sourcecode.swift; path = DateFactory.swift; sourceTree = "<group>"; };
		66832AE12883BF27004B2B55 /* UIViewControllerFactory.swift */ = {isa = PBXFileReference; lastKnownFileType = sourcecode.swift; path = UIViewControllerFactory.swift; sourceTree = "<group>"; };
		66832AE32883BF5D004B2B55 /* UIViewControllerFactoryImpl.swift */ = {isa = PBXFileReference; lastKnownFileType = sourcecode.swift; path = UIViewControllerFactoryImpl.swift; sourceTree = "<group>"; };
		66832AE62883C10C004B2B55 /* FavouriteTable.swift */ = {isa = PBXFileReference; lastKnownFileType = sourcecode.swift; path = FavouriteTable.swift; sourceTree = "<group>"; };
		66832AE82883C126004B2B55 /* PictureOfTheDay.swift */ = {isa = PBXFileReference; lastKnownFileType = sourcecode.swift; path = PictureOfTheDay.swift; sourceTree = "<group>"; };
		66832AEB2883C1EE004B2B55 /* QueryType.swift */ = {isa = PBXFileReference; lastKnownFileType = sourcecode.swift; path = QueryType.swift; sourceTree = "<group>"; };
		66832AED2883C22E004B2B55 /* URLComponentsProvider.swift */ = {isa = PBXFileReference; lastKnownFileType = sourcecode.swift; path = URLComponentsProvider.swift; sourceTree = "<group>"; };
		66832AEF2883C250004B2B55 /* URLComponentsProviderImpl.swift */ = {isa = PBXFileReference; lastKnownFileType = sourcecode.swift; path = URLComponentsProviderImpl.swift; sourceTree = "<group>"; };
		66832AF12883C272004B2B55 /* URLQueryItemProviderImpl.swift */ = {isa = PBXFileReference; lastKnownFileType = sourcecode.swift; path = URLQueryItemProviderImpl.swift; sourceTree = "<group>"; };
		66832AF32883C28F004B2B55 /* URLQueryItemProvider.swift */ = {isa = PBXFileReference; lastKnownFileType = sourcecode.swift; path = URLQueryItemProvider.swift; sourceTree = "<group>"; };
		66832AF52883C3F1004B2B55 /* DateFactoryImpl.swift */ = {isa = PBXFileReference; lastKnownFileType = sourcecode.swift; path = DateFactoryImpl.swift; sourceTree = "<group>"; };
		66832AF82883C4B5004B2B55 /* DateParser.swift */ = {isa = PBXFileReference; lastKnownFileType = sourcecode.swift; path = DateParser.swift; sourceTree = "<group>"; };
		66832AFA2883C4F0004B2B55 /* DateParserImpl.swift */ = {isa = PBXFileReference; lastKnownFileType = sourcecode.swift; path = DateParserImpl.swift; sourceTree = "<group>"; };
		66832AFE2883C73B004B2B55 /* URLComponentsValidator.swift */ = {isa = PBXFileReference; lastKnownFileType = sourcecode.swift; path = URLComponentsValidator.swift; sourceTree = "<group>"; };
		66832B002883C755004B2B55 /* URLComponentsValidatorImpl.swift */ = {isa = PBXFileReference; lastKnownFileType = sourcecode.swift; path = URLComponentsValidatorImpl.swift; sourceTree = "<group>"; };
		66832B022883C76E004B2B55 /* URLValidator.swift */ = {isa = PBXFileReference; lastKnownFileType = sourcecode.swift; path = URLValidator.swift; sourceTree = "<group>"; };
		66832B042883C787004B2B55 /* URLValidatorImpl.swift */ = {isa = PBXFileReference; lastKnownFileType = sourcecode.swift; path = URLValidatorImpl.swift; sourceTree = "<group>"; };
		66832B062883C7A0004B2B55 /* URLSessionValidator.swift */ = {isa = PBXFileReference; lastKnownFileType = sourcecode.swift; path = URLSessionValidator.swift; sourceTree = "<group>"; };
		66832B082883C7B8004B2B55 /* URLSessionValidatorImpl.swift */ = {isa = PBXFileReference; lastKnownFileType = sourcecode.swift; path = URLSessionValidatorImpl.swift; sourceTree = "<group>"; };
		66832B0B2883C839004B2B55 /* DateParserValidator.swift */ = {isa = PBXFileReference; lastKnownFileType = sourcecode.swift; path = DateParserValidator.swift; sourceTree = "<group>"; };
		66832B0D2883C84C004B2B55 /* DateParserValidatorImpl.swift */ = {isa = PBXFileReference; lastKnownFileType = sourcecode.swift; path = DateParserValidatorImpl.swift; sourceTree = "<group>"; };
		66832B0F2883C86A004B2B55 /* DateValidator.swift */ = {isa = PBXFileReference; lastKnownFileType = sourcecode.swift; path = DateValidator.swift; sourceTree = "<group>"; };
		66832B112883C888004B2B55 /* DateValidatorImpl.swift */ = {isa = PBXFileReference; lastKnownFileType = sourcecode.swift; path = DateValidatorImpl.swift; sourceTree = "<group>"; };
		66832B142883C8AD004B2B55 /* Reachability.swift */ = {isa = PBXFileReference; lastKnownFileType = sourcecode.swift; path = Reachability.swift; sourceTree = "<group>"; };
		66832B172883C99E004B2B55 /* EntityValidator.swift */ = {isa = PBXFileReference; lastKnownFileType = sourcecode.swift; path = EntityValidator.swift; sourceTree = "<group>"; };
		66832B192883C9BD004B2B55 /* EntityValidatorImpl.swift */ = {isa = PBXFileReference; lastKnownFileType = sourcecode.swift; path = EntityValidatorImpl.swift; sourceTree = "<group>"; };
		66832B1B2883C9D7004B2B55 /* UIViewControllerValidator.swift */ = {isa = PBXFileReference; lastKnownFileType = sourcecode.swift; path = UIViewControllerValidator.swift; sourceTree = "<group>"; };
		66832B1D2883C9E9004B2B55 /* UIViewControllerValidatorImpl.swift */ = {isa = PBXFileReference; lastKnownFileType = sourcecode.swift; path = UIViewControllerValidatorImpl.swift; sourceTree = "<group>"; };
		66832B202883CA3A004B2B55 /* JSONSerializer.swift */ = {isa = PBXFileReference; lastKnownFileType = sourcecode.swift; path = JSONSerializer.swift; sourceTree = "<group>"; };
		66832B222883CA55004B2B55 /* Serializer.swift */ = {isa = PBXFileReference; lastKnownFileType = sourcecode.swift; path = Serializer.swift; sourceTree = "<group>"; };
		66832B252883CADF004B2B55 /* PictureOfTheDayViewModel.swift */ = {isa = PBXFileReference; lastKnownFileType = sourcecode.swift; path = PictureOfTheDayViewModel.swift; sourceTree = "<group>"; };
		668F25B5288431D20007C7BA /* DailyPicture+CoreDataClass.swift */ = {isa = PBXFileReference; lastKnownFileType = sourcecode.swift; path = "DailyPicture+CoreDataClass.swift"; sourceTree = SOURCE_ROOT; };
		668F25B6288431D20007C7BA /* DailyPicture+CoreDataProperties.swift */ = {isa = PBXFileReference; lastKnownFileType = sourcecode.swift; path = "DailyPicture+CoreDataProperties.swift"; sourceTree = SOURCE_ROOT; };
		668F25B9288432A10007C7BA /* PictureRepository.swift */ = {isa = PBXFileReference; lastKnownFileType = sourcecode.swift; path = PictureRepository.swift; sourceTree = "<group>"; };
		668F25BB288433DC0007C7BA /* PictureRepositoryImpl.swift */ = {isa = PBXFileReference; lastKnownFileType = sourcecode.swift; path = PictureRepositoryImpl.swift; sourceTree = "<group>"; };
		668F25BD288434960007C7BA /* PersistenceServices.swift */ = {isa = PBXFileReference; lastKnownFileType = sourcecode.swift; path = PersistenceServices.swift; sourceTree = "<group>"; };
		668F25C128843AF60007C7BA /* FavouriteListVC.swift */ = {isa = PBXFileReference; lastKnownFileType = sourcecode.swift; path = FavouriteListVC.swift; sourceTree = "<group>"; };
		668F25C328843C6D0007C7BA /* FavouriteListViewModel.swift */ = {isa = PBXFileReference; lastKnownFileType = sourcecode.swift; path = FavouriteListViewModel.swift; sourceTree = "<group>"; };
		668F25C628843E5C0007C7BA /* FavouritesCell.swift */ = {isa = PBXFileReference; lastKnownFileType = sourcecode.swift; path = FavouritesCell.swift; sourceTree = "<group>"; };
		668F25C8288519020007C7BA /* FavouriteVC.swift */ = {isa = PBXFileReference; lastKnownFileType = sourcecode.swift; path = FavouriteVC.swift; sourceTree = "<group>"; };
		668F25CA28851BBA0007C7BA /* FavouriteViewModel.swift */ = {isa = PBXFileReference; lastKnownFileType = sourcecode.swift; path = FavouriteViewModel.swift; sourceTree = "<group>"; };
		668F25CD288532010007C7BA /* ImageDownloadServiceImplTest.swift */ = {isa = PBXFileReference; fileEncoding = 4; lastKnownFileType = sourcecode.swift; path = ImageDownloadServiceImplTest.swift; sourceTree = "<group>"; };
		668F25CE288532010007C7BA /* NASADownloadServiceTest.swift */ = {isa = PBXFileReference; fileEncoding = 4; lastKnownFileType = sourcecode.swift; path = NASADownloadServiceTest.swift; sourceTree = "<group>"; };
		668F25D0288532020007C7BA /* DateParserImplTest.swift */ = {isa = PBXFileReference; fileEncoding = 4; lastKnownFileType = sourcecode.swift; path = DateParserImplTest.swift; sourceTree = "<group>"; };
		668F25D2288532020007C7BA /* URLComponentsProviderImplTest.swift */ = {isa = PBXFileReference; fileEncoding = 4; lastKnownFileType = sourcecode.swift; path = URLComponentsProviderImplTest.swift; sourceTree = "<group>"; };
		668F25D3288532020007C7BA /* URLQueryItemProviderImplTest.swift */ = {isa = PBXFileReference; fileEncoding = 4; lastKnownFileType = sourcecode.swift; path = URLQueryItemProviderImplTest.swift; sourceTree = "<group>"; };
		668F25D5288532020007C7BA /* DateValidatorImplTest.swift */ = {isa = PBXFileReference; fileEncoding = 4; lastKnownFileType = sourcecode.swift; path = DateValidatorImplTest.swift; sourceTree = "<group>"; };
		668F25D6288532020007C7BA /* URLComponentsValidatorImplTest.swift */ = {isa = PBXFileReference; fileEncoding = 4; lastKnownFileType = sourcecode.swift; path = URLComponentsValidatorImplTest.swift; sourceTree = "<group>"; };
		668F25D7288532020007C7BA /* URLSessionValidatorImplTest.swift */ = {isa = PBXFileReference; fileEncoding = 4; lastKnownFileType = sourcecode.swift; path = URLSessionValidatorImplTest.swift; sourceTree = "<group>"; };
		668F25D8288532020007C7BA /* URLValidatorImplTest.swift */ = {isa = PBXFileReference; fileEncoding = 4; lastKnownFileType = sourcecode.swift; path = URLValidatorImplTest.swift; sourceTree = "<group>"; };
		668F25D9288532020007C7BA /* DateParserValidatorImplTest.swift */ = {isa = PBXFileReference; fileEncoding = 4; lastKnownFileType = sourcecode.swift; path = DateParserValidatorImplTest.swift; sourceTree = "<group>"; };
		668F25DB288532020007C7BA /* EntityValidatorImplTest.swift */ = {isa = PBXFileReference; fileEncoding = 4; lastKnownFileType = sourcecode.swift; path = EntityValidatorImplTest.swift; sourceTree = "<group>"; };
		668F25DD288532020007C7BA /* JSONSerializerTest.swift */ = {isa = PBXFileReference; fileEncoding = 4; lastKnownFileType = sourcecode.swift; path = JSONSerializerTest.swift; sourceTree = "<group>"; };
		668F25DF288532020007C7BA /* DateFactoryImplTest.swift */ = {isa = PBXFileReference; fileEncoding = 4; lastKnownFileType = sourcecode.swift; path = DateFactoryImplTest.swift; sourceTree = "<group>"; };
		668F25E1288532020007C7BA /* URLFactoryImplTest.swift */ = {isa = PBXFileReference; fileEncoding = 4; lastKnownFileType = sourcecode.swift; path = URLFactoryImplTest.swift; sourceTree = "<group>"; };
/* End PBXFileReference section */

/* Begin PBXFrameworksBuildPhase section */
		66832A932883B98B004B2B55 /* Frameworks */ = {
			isa = PBXFrameworksBuildPhase;
			buildActionMask = 2147483647;
			files = (
			);
			runOnlyForDeploymentPostprocessing = 0;
		};
		66832AAC2883B98D004B2B55 /* Frameworks */ = {
			isa = PBXFrameworksBuildPhase;
			buildActionMask = 2147483647;
			files = (
			);
			runOnlyForDeploymentPostprocessing = 0;
		};
		66832AB62883B98D004B2B55 /* Frameworks */ = {
			isa = PBXFrameworksBuildPhase;
			buildActionMask = 2147483647;
			files = (
			);
			runOnlyForDeploymentPostprocessing = 0;
		};
/* End PBXFrameworksBuildPhase section */

/* Begin PBXGroup section */
		66832A8D2883B98B004B2B55 = {
			isa = PBXGroup;
			children = (
				66832A982883B98B004B2B55 /* NASA */,
				66832AB22883B98D004B2B55 /* NASATests */,
				66832ABC2883B98D004B2B55 /* NASAUITests */,
				66832A972883B98B004B2B55 /* Products */,
			);
			sourceTree = "<group>";
		};
		66832A972883B98B004B2B55 /* Products */ = {
			isa = PBXGroup;
			children = (
				66832A962883B98B004B2B55 /* NASA.app */,
				66832AAF2883B98D004B2B55 /* NASATests.xctest */,
				66832AB92883B98D004B2B55 /* NASAUITests.xctest */,
			);
			name = Products;
			sourceTree = "<group>";
		};
		66832A982883B98B004B2B55 /* NASA */ = {
			isa = PBXGroup;
			children = (
				66832AE52883C0F3004B2B55 /* Models */,
				668F25C528843E2E0007C7BA /* View */,
				66832B242883CAA5004B2B55 /* ViewModel */,
				66832B27288424B1004B2B55 /* Repository */,
				66832AD02883BCBE004B2B55 /* Networking */,
				66832ACF2883BAAA004B2B55 /* Delegates */,
				66832A9F2883B98B004B2B55 /* Main.storyboard */,
				66832AA52883B98C004B2B55 /* Assets.xcassets */,
				66832AA72883B98C004B2B55 /* LaunchScreen.storyboard */,
				66832AAA2883B98C004B2B55 /* Info.plist */,
				66832AA22883B98B004B2B55 /* NASA.xcdatamodeld */,
			);
			path = NASA;
			sourceTree = "<group>";
		};
		66832AB22883B98D004B2B55 /* NASATests */ = {
			isa = PBXGroup;
			children = (
				668F25CC288532010007C7BA /* DownloadServices */,
				668F25DE288532020007C7BA /* Factories */,
				668F25CF288532020007C7BA /* Parsers */,
				668F25D1288532020007C7BA /* Providers */,
				668F25DC288532020007C7BA /* Serializers */,
				668F25D4288532020007C7BA /* Validators */,
				66832AB32883B98D004B2B55 /* NASATests.swift */,
			);
			path = NASATests;
			sourceTree = "<group>";
		};
		66832ABC2883B98D004B2B55 /* NASAUITests */ = {
			isa = PBXGroup;
			children = (
				66832ABD2883B98D004B2B55 /* NASAUITests.swift */,
				66832ABF2883B98D004B2B55 /* NASAUITestsLaunchTests.swift */,
			);
			path = NASAUITests;
			sourceTree = "<group>";
		};
		66832ACC2883BA0C004B2B55 /* Controllers */ = {
			isa = PBXGroup;
			children = (
				66832A9D2883B98B004B2B55 /* PictureOfTheDayVC.swift */,
				668F25C128843AF60007C7BA /* FavouriteListVC.swift */,
				668F25C8288519020007C7BA /* FavouriteVC.swift */,
			);
			path = Controllers;
			sourceTree = "<group>";
		};
		66832ACF2883BAAA004B2B55 /* Delegates */ = {
			isa = PBXGroup;
			children = (
				66832A992883B98B004B2B55 /* AppDelegate.swift */,
				66832A9B2883B98B004B2B55 /* SceneDelegate.swift */,
			);
			path = Delegates;
			sourceTree = "<group>";
		};
		66832AD02883BCBE004B2B55 /* Networking */ = {
			isa = PBXGroup;
			children = (
				66832B1F2883CA20004B2B55 /* Serialization */,
				66832B132883C8A3004B2B55 /* Reachability */,
				66832AFC2883C703004B2B55 /* Validations */,
				66832AF72883C499004B2B55 /* Parsing */,
				66832AEA2883C1D3004B2B55 /* Providers */,
				66832AD12883BCD5004B2B55 /* DownloadServices */,
				66832ADA2883BE63004B2B55 /* Factories */,
			);
			path = Networking;
			sourceTree = "<group>";
		};
		66832AD12883BCD5004B2B55 /* DownloadServices */ = {
			isa = PBXGroup;
			children = (
				66832AD22883BCEC004B2B55 /* DataDownloadService.swift */,
				66832AD42883BD33004B2B55 /* NASADownloadService.swift */,
				66832AD62883BD57004B2B55 /* ImageDownloadService.swift */,
				66832AD82883BE3B004B2B55 /* ImageDownloadServiceImpl.swift */,
			);
			path = DownloadServices;
			sourceTree = "<group>";
		};
		66832ADA2883BE63004B2B55 /* Factories */ = {
			isa = PBXGroup;
			children = (
				66832ADD2883BECA004B2B55 /* URLFactory.swift */,
				66832ADB2883BE86004B2B55 /* URLFactoryImpl.swift */,
				66832ADF2883BEF7004B2B55 /* DateFactory.swift */,
				66832AF52883C3F1004B2B55 /* DateFactoryImpl.swift */,
				66832AE12883BF27004B2B55 /* UIViewControllerFactory.swift */,
				66832AE32883BF5D004B2B55 /* UIViewControllerFactoryImpl.swift */,
			);
			path = Factories;
			sourceTree = "<group>";
		};
		66832AE52883C0F3004B2B55 /* Models */ = {
			isa = PBXGroup;
			children = (
				66832AE62883C10C004B2B55 /* FavouriteTable.swift */,
				66832AE82883C126004B2B55 /* PictureOfTheDay.swift */,
			);
			path = Models;
			sourceTree = "<group>";
		};
		66832AEA2883C1D3004B2B55 /* Providers */ = {
			isa = PBXGroup;
			children = (
				66832AEB2883C1EE004B2B55 /* QueryType.swift */,
				66832AED2883C22E004B2B55 /* URLComponentsProvider.swift */,
				66832AEF2883C250004B2B55 /* URLComponentsProviderImpl.swift */,
				66832AF32883C28F004B2B55 /* URLQueryItemProvider.swift */,
				66832AF12883C272004B2B55 /* URLQueryItemProviderImpl.swift */,
			);
			path = Providers;
			sourceTree = "<group>";
		};
		66832AF72883C499004B2B55 /* Parsing */ = {
			isa = PBXGroup;
			children = (
				66832AF82883C4B5004B2B55 /* DateParser.swift */,
				66832AFA2883C4F0004B2B55 /* DateParserImpl.swift */,
			);
			path = Parsing;
			sourceTree = "<group>";
		};
		66832AFC2883C703004B2B55 /* Validations */ = {
			isa = PBXGroup;
			children = (
				66832B162883C991004B2B55 /* Entity */,
				66832B0A2883C82B004B2B55 /* Date */,
				66832AFD2883C71A004B2B55 /* URLs */,
			);
			path = Validations;
			sourceTree = "<group>";
		};
		66832AFD2883C71A004B2B55 /* URLs */ = {
			isa = PBXGroup;
			children = (
				66832AFE2883C73B004B2B55 /* URLComponentsValidator.swift */,
				66832B002883C755004B2B55 /* URLComponentsValidatorImpl.swift */,
				66832B022883C76E004B2B55 /* URLValidator.swift */,
				66832B042883C787004B2B55 /* URLValidatorImpl.swift */,
				66832B062883C7A0004B2B55 /* URLSessionValidator.swift */,
				66832B082883C7B8004B2B55 /* URLSessionValidatorImpl.swift */,
			);
			path = URLs;
			sourceTree = "<group>";
		};
		66832B0A2883C82B004B2B55 /* Date */ = {
			isa = PBXGroup;
			children = (
				66832B0B2883C839004B2B55 /* DateParserValidator.swift */,
				66832B0D2883C84C004B2B55 /* DateParserValidatorImpl.swift */,
				66832B0F2883C86A004B2B55 /* DateValidator.swift */,
				66832B112883C888004B2B55 /* DateValidatorImpl.swift */,
			);
			path = Date;
			sourceTree = "<group>";
		};
		66832B132883C8A3004B2B55 /* Reachability */ = {
			isa = PBXGroup;
			children = (
				66832B142883C8AD004B2B55 /* Reachability.swift */,
			);
			path = Reachability;
			sourceTree = "<group>";
		};
		66832B162883C991004B2B55 /* Entity */ = {
			isa = PBXGroup;
			children = (
				66832B172883C99E004B2B55 /* EntityValidator.swift */,
				66832B192883C9BD004B2B55 /* EntityValidatorImpl.swift */,
				66832B1B2883C9D7004B2B55 /* UIViewControllerValidator.swift */,
				66832B1D2883C9E9004B2B55 /* UIViewControllerValidatorImpl.swift */,
			);
			path = Entity;
			sourceTree = "<group>";
		};
		66832B1F2883CA20004B2B55 /* Serialization */ = {
			isa = PBXGroup;
			children = (
				66832B202883CA3A004B2B55 /* JSONSerializer.swift */,
				66832B222883CA55004B2B55 /* Serializer.swift */,
			);
			path = Serialization;
			sourceTree = "<group>";
		};
		66832B242883CAA5004B2B55 /* ViewModel */ = {
			isa = PBXGroup;
			children = (
				66832B252883CADF004B2B55 /* PictureOfTheDayViewModel.swift */,
				668F25C328843C6D0007C7BA /* FavouriteListViewModel.swift */,
				668F25CA28851BBA0007C7BA /* FavouriteViewModel.swift */,
			);
			path = ViewModel;
			sourceTree = "<group>";
		};
		66832B27288424B1004B2B55 /* Repository */ = {
			isa = PBXGroup;
			children = (
				66832B4728842BCF004B2B55 /* Database Models */,
				668F25B9288432A10007C7BA /* PictureRepository.swift */,
				668F25BB288433DC0007C7BA /* PictureRepositoryImpl.swift */,
				668F25BD288434960007C7BA /* PersistenceServices.swift */,
			);
			path = Repository;
			sourceTree = "<group>";
		};
		66832B4728842BCF004B2B55 /* Database Models */ = {
			isa = PBXGroup;
			children = (
				668F25B5288431D20007C7BA /* DailyPicture+CoreDataClass.swift */,
				668F25B6288431D20007C7BA /* DailyPicture+CoreDataProperties.swift */,
			);
			path = "Database Models";
			sourceTree = "<group>";
		};
		668F25C528843E2E0007C7BA /* View */ = {
			isa = PBXGroup;
			children = (
				66832ACC2883BA0C004B2B55 /* Controllers */,
				668F25C628843E5C0007C7BA /* FavouritesCell.swift */,
			);
			path = View;
			sourceTree = "<group>";
		};
		668F25CC288532010007C7BA /* DownloadServices */ = {
			isa = PBXGroup;
			children = (
				668F25CD288532010007C7BA /* ImageDownloadServiceImplTest.swift */,
				668F25CE288532010007C7BA /* NASADownloadServiceTest.swift */,
			);
			path = DownloadServices;
			sourceTree = "<group>";
		};
		668F25CF288532020007C7BA /* Parsers */ = {
			isa = PBXGroup;
			children = (
				668F25D0288532020007C7BA /* DateParserImplTest.swift */,
			);
			path = Parsers;
			sourceTree = "<group>";
		};
		668F25D1288532020007C7BA /* Providers */ = {
			isa = PBXGroup;
			children = (
				668F25D2288532020007C7BA /* URLComponentsProviderImplTest.swift */,
				668F25D3288532020007C7BA /* URLQueryItemProviderImplTest.swift */,
			);
			path = Providers;
			sourceTree = "<group>";
		};
		668F25D4288532020007C7BA /* Validators */ = {
			isa = PBXGroup;
			children = (
				668F25D5288532020007C7BA /* DateValidatorImplTest.swift */,
				668F25D6288532020007C7BA /* URLComponentsValidatorImplTest.swift */,
				668F25D7288532020007C7BA /* URLSessionValidatorImplTest.swift */,
				668F25D8288532020007C7BA /* URLValidatorImplTest.swift */,
				668F25D9288532020007C7BA /* DateParserValidatorImplTest.swift */,
				668F25DB288532020007C7BA /* EntityValidatorImplTest.swift */,
			);
			path = Validators;
			sourceTree = "<group>";
		};
		668F25DC288532020007C7BA /* Serializers */ = {
			isa = PBXGroup;
			children = (
				668F25DD288532020007C7BA /* JSONSerializerTest.swift */,
			);
			path = Serializers;
			sourceTree = "<group>";
		};
		668F25DE288532020007C7BA /* Factories */ = {
			isa = PBXGroup;
			children = (
				668F25DF288532020007C7BA /* DateFactoryImplTest.swift */,
				668F25E1288532020007C7BA /* URLFactoryImplTest.swift */,
			);
			path = Factories;
			sourceTree = "<group>";
		};
/* End PBXGroup section */

/* Begin PBXNativeTarget section */
		66832A952883B98B004B2B55 /* NASA */ = {
			isa = PBXNativeTarget;
			buildConfigurationList = 66832AC32883B98D004B2B55 /* Build configuration list for PBXNativeTarget "NASA" */;
			buildPhases = (
				66832A922883B98B004B2B55 /* Sources */,
				66832A932883B98B004B2B55 /* Frameworks */,
				66832A942883B98B004B2B55 /* Resources */,
			);
			buildRules = (
			);
			dependencies = (
			);
			name = NASA;
			productName = NASA;
			productReference = 66832A962883B98B004B2B55 /* NASA.app */;
			productType = "com.apple.product-type.application";
		};
		66832AAE2883B98D004B2B55 /* NASATests */ = {
			isa = PBXNativeTarget;
			buildConfigurationList = 66832AC62883B98D004B2B55 /* Build configuration list for PBXNativeTarget "NASATests" */;
			buildPhases = (
				66832AAB2883B98D004B2B55 /* Sources */,
				66832AAC2883B98D004B2B55 /* Frameworks */,
				66832AAD2883B98D004B2B55 /* Resources */,
			);
			buildRules = (
			);
			dependencies = (
				66832AB12883B98D004B2B55 /* PBXTargetDependency */,
			);
			name = NASATests;
			productName = NASATests;
			productReference = 66832AAF2883B98D004B2B55 /* NASATests.xctest */;
			productType = "com.apple.product-type.bundle.unit-test";
		};
		66832AB82883B98D004B2B55 /* NASAUITests */ = {
			isa = PBXNativeTarget;
			buildConfigurationList = 66832AC92883B98D004B2B55 /* Build configuration list for PBXNativeTarget "NASAUITests" */;
			buildPhases = (
				66832AB52883B98D004B2B55 /* Sources */,
				66832AB62883B98D004B2B55 /* Frameworks */,
				66832AB72883B98D004B2B55 /* Resources */,
			);
			buildRules = (
			);
			dependencies = (
				66832ABB2883B98D004B2B55 /* PBXTargetDependency */,
			);
			name = NASAUITests;
			productName = NASAUITests;
			productReference = 66832AB92883B98D004B2B55 /* NASAUITests.xctest */;
			productType = "com.apple.product-type.bundle.ui-testing";
		};
/* End PBXNativeTarget section */

/* Begin PBXProject section */
		66832A8E2883B98B004B2B55 /* Project object */ = {
			isa = PBXProject;
			attributes = {
				BuildIndependentTargetsInParallel = 1;
				LastSwiftUpdateCheck = 1320;
				LastUpgradeCheck = 1320;
				TargetAttributes = {
					66832A952883B98B004B2B55 = {
						CreatedOnToolsVersion = 13.2.1;
					};
					66832AAE2883B98D004B2B55 = {
						CreatedOnToolsVersion = 13.2.1;
						TestTargetID = 66832A952883B98B004B2B55;
					};
					66832AB82883B98D004B2B55 = {
						CreatedOnToolsVersion = 13.2.1;
						TestTargetID = 66832A952883B98B004B2B55;
					};
				};
			};
			buildConfigurationList = 66832A912883B98B004B2B55 /* Build configuration list for PBXProject "NASA" */;
			compatibilityVersion = "Xcode 13.0";
			developmentRegion = en;
			hasScannedForEncodings = 0;
			knownRegions = (
				en,
				Base,
			);
			mainGroup = 66832A8D2883B98B004B2B55;
			productRefGroup = 66832A972883B98B004B2B55 /* Products */;
			projectDirPath = "";
			projectRoot = "";
			targets = (
				66832A952883B98B004B2B55 /* NASA */,
				66832AAE2883B98D004B2B55 /* NASATests */,
				66832AB82883B98D004B2B55 /* NASAUITests */,
			);
		};
/* End PBXProject section */

/* Begin PBXResourcesBuildPhase section */
		66832A942883B98B004B2B55 /* Resources */ = {
			isa = PBXResourcesBuildPhase;
			buildActionMask = 2147483647;
			files = (
				66832AA92883B98C004B2B55 /* LaunchScreen.storyboard in Resources */,
				66832AA62883B98C004B2B55 /* Assets.xcassets in Resources */,
				66832AA12883B98B004B2B55 /* Main.storyboard in Resources */,
			);
			runOnlyForDeploymentPostprocessing = 0;
		};
		66832AAD2883B98D004B2B55 /* Resources */ = {
			isa = PBXResourcesBuildPhase;
			buildActionMask = 2147483647;
			files = (
			);
			runOnlyForDeploymentPostprocessing = 0;
		};
		66832AB72883B98D004B2B55 /* Resources */ = {
			isa = PBXResourcesBuildPhase;
			buildActionMask = 2147483647;
			files = (
			);
			runOnlyForDeploymentPostprocessing = 0;
		};
/* End PBXResourcesBuildPhase section */

/* Begin PBXSourcesBuildPhase section */
		66832A922883B98B004B2B55 /* Sources */ = {
			isa = PBXSourcesBuildPhase;
			buildActionMask = 2147483647;
			files = (
				66832AF42883C28F004B2B55 /* URLQueryItemProvider.swift in Sources */,
				66832B1A2883C9BD004B2B55 /* EntityValidatorImpl.swift in Sources */,
				668F25CB28851BBA0007C7BA /* FavouriteViewModel.swift in Sources */,
				66832AD52883BD33004B2B55 /* NASADownloadService.swift in Sources */,
				66832B092883C7B8004B2B55 /* URLSessionValidatorImpl.swift in Sources */,
				66832B032883C76E004B2B55 /* URLValidator.swift in Sources */,
				66832AF62883C3F1004B2B55 /* DateFactoryImpl.swift in Sources */,
				66832B152883C8AD004B2B55 /* Reachability.swift in Sources */,
				66832AFB2883C4F0004B2B55 /* DateParserImpl.swift in Sources */,
				66832AEE2883C22E004B2B55 /* URLComponentsProvider.swift in Sources */,
				66832AEC2883C1EE004B2B55 /* QueryType.swift in Sources */,
				668F25BC288433DC0007C7BA /* PictureRepositoryImpl.swift in Sources */,
				66832AE02883BEF7004B2B55 /* DateFactory.swift in Sources */,
				66832B182883C99E004B2B55 /* EntityValidator.swift in Sources */,
				66832B262883CADF004B2B55 /* PictureOfTheDayViewModel.swift in Sources */,
				66832A9E2883B98B004B2B55 /* PictureOfTheDayVC.swift in Sources */,
				66832B36288428A7004B2B55 /* NASA.xcdatamodeld in Sources */,
				668F25C9288519020007C7BA /* FavouriteVC.swift in Sources */,
				668F25B8288431D20007C7BA /* DailyPicture+CoreDataProperties.swift in Sources */,
				66832B052883C787004B2B55 /* URLValidatorImpl.swift in Sources */,
				66832A9A2883B98B004B2B55 /* AppDelegate.swift in Sources */,
				66832AD32883BCEC004B2B55 /* DataDownloadService.swift in Sources */,
				66832B072883C7A0004B2B55 /* URLSessionValidator.swift in Sources */,
				66832B012883C755004B2B55 /* URLComponentsValidatorImpl.swift in Sources */,
				66832B212883CA3A004B2B55 /* JSONSerializer.swift in Sources */,
				66832AE72883C10C004B2B55 /* FavouriteTable.swift in Sources */,
				66832AF22883C272004B2B55 /* URLQueryItemProviderImpl.swift in Sources */,
				668F25BE288434960007C7BA /* PersistenceServices.swift in Sources */,
				66832B102883C86A004B2B55 /* DateValidator.swift in Sources */,
				66832AD72883BD57004B2B55 /* ImageDownloadService.swift in Sources */,
				668F25BA288432A10007C7BA /* PictureRepository.swift in Sources */,
				668F25C228843AF60007C7BA /* FavouriteListVC.swift in Sources */,
				66832B1C2883C9D7004B2B55 /* UIViewControllerValidator.swift in Sources */,
				66832B0E2883C84C004B2B55 /* DateParserValidatorImpl.swift in Sources */,
				66832AFF2883C73B004B2B55 /* URLComponentsValidator.swift in Sources */,
				66832AE92883C126004B2B55 /* PictureOfTheDay.swift in Sources */,
				66832ADE2883BECA004B2B55 /* URLFactory.swift in Sources */,
				66832B232883CA55004B2B55 /* Serializer.swift in Sources */,
				668F25C428843C6D0007C7BA /* FavouriteListViewModel.swift in Sources */,
				66832AE42883BF5D004B2B55 /* UIViewControllerFactoryImpl.swift in Sources */,
				668F25B7288431D20007C7BA /* DailyPicture+CoreDataClass.swift in Sources */,
				66832A9C2883B98B004B2B55 /* SceneDelegate.swift in Sources */,
				66832AF02883C250004B2B55 /* URLComponentsProviderImpl.swift in Sources */,
				66832B0C2883C839004B2B55 /* DateParserValidator.swift in Sources */,
				668F25C728843E5C0007C7BA /* FavouritesCell.swift in Sources */,
				66832AE22883BF27004B2B55 /* UIViewControllerFactory.swift in Sources */,
				66832AD92883BE3B004B2B55 /* ImageDownloadServiceImpl.swift in Sources */,
				66832AF92883C4B5004B2B55 /* DateParser.swift in Sources */,
				66832B122883C888004B2B55 /* DateValidatorImpl.swift in Sources */,
				66832ADC2883BE86004B2B55 /* URLFactoryImpl.swift in Sources */,
				66832B1E2883C9E9004B2B55 /* UIViewControllerValidatorImpl.swift in Sources */,
			);
			runOnlyForDeploymentPostprocessing = 0;
		};
		66832AAB2883B98D004B2B55 /* Sources */ = {
			isa = PBXSourcesBuildPhase;
			buildActionMask = 2147483647;
			files = (
				668F25F1288532020007C7BA /* URLFactoryImplTest.swift in Sources */,
				668F25E9288532020007C7BA /* URLSessionValidatorImplTest.swift in Sources */,
				668F25E8288532020007C7BA /* URLComponentsValidatorImplTest.swift in Sources */,
				668F25EB288532020007C7BA /* DateParserValidatorImplTest.swift in Sources */,
				668F25ED288532020007C7BA /* EntityValidatorImplTest.swift in Sources */,
				668F25E7288532020007C7BA /* DateValidatorImplTest.swift in Sources */,
				668F25EF288532020007C7BA /* DateFactoryImplTest.swift in Sources */,
				668F25E4288532020007C7BA /* DateParserImplTest.swift in Sources */,
				668F25E3288532020007C7BA /* NASADownloadServiceTest.swift in Sources */,
				668F25E6288532020007C7BA /* URLQueryItemProviderImplTest.swift in Sources */,
				66832AB42883B98D004B2B55 /* NASATests.swift in Sources */,
				668F25E2288532020007C7BA /* ImageDownloadServiceImplTest.swift in Sources */,
				668F25EE288532020007C7BA /* JSONSerializerTest.swift in Sources */,
				668F25EA288532020007C7BA /* URLValidatorImplTest.swift in Sources */,
				668F25E5288532020007C7BA /* URLComponentsProviderImplTest.swift in Sources */,
			);
			runOnlyForDeploymentPostprocessing = 0;
		};
		66832AB52883B98D004B2B55 /* Sources */ = {
			isa = PBXSourcesBuildPhase;
			buildActionMask = 2147483647;
			files = (
				66832ABE2883B98D004B2B55 /* NASAUITests.swift in Sources */,
				66832AC02883B98D004B2B55 /* NASAUITestsLaunchTests.swift in Sources */,
			);
			runOnlyForDeploymentPostprocessing = 0;
		};
/* End PBXSourcesBuildPhase section */

/* Begin PBXTargetDependency section */
		66832AB12883B98D004B2B55 /* PBXTargetDependency */ = {
			isa = PBXTargetDependency;
			target = 66832A952883B98B004B2B55 /* NASA */;
			targetProxy = 66832AB02883B98D004B2B55 /* PBXContainerItemProxy */;
		};
		66832ABB2883B98D004B2B55 /* PBXTargetDependency */ = {
			isa = PBXTargetDependency;
			target = 66832A952883B98B004B2B55 /* NASA */;
			targetProxy = 66832ABA2883B98D004B2B55 /* PBXContainerItemProxy */;
		};
/* End PBXTargetDependency section */

/* Begin PBXVariantGroup section */
		66832A9F2883B98B004B2B55 /* Main.storyboard */ = {
			isa = PBXVariantGroup;
			children = (
				66832AA02883B98B004B2B55 /* Base */,
			);
			name = Main.storyboard;
			sourceTree = "<group>";
		};
		66832AA72883B98C004B2B55 /* LaunchScreen.storyboard */ = {
			isa = PBXVariantGroup;
			children = (
				66832AA82883B98C004B2B55 /* Base */,
			);
			name = LaunchScreen.storyboard;
			sourceTree = "<group>";
		};
/* End PBXVariantGroup section */

/* Begin XCBuildConfiguration section */
		66832AC12883B98D004B2B55 /* Debug */ = {
			isa = XCBuildConfiguration;
			buildSettings = {
				ALWAYS_SEARCH_USER_PATHS = NO;
				CLANG_ANALYZER_NONNULL = YES;
				CLANG_ANALYZER_NUMBER_OBJECT_CONVERSION = YES_AGGRESSIVE;
				CLANG_CXX_LANGUAGE_STANDARD = "gnu++17";
				CLANG_CXX_LIBRARY = "libc++";
				CLANG_ENABLE_MODULES = YES;
				CLANG_ENABLE_OBJC_ARC = YES;
				CLANG_ENABLE_OBJC_WEAK = YES;
				CLANG_WARN_BLOCK_CAPTURE_AUTORELEASING = YES;
				CLANG_WARN_BOOL_CONVERSION = YES;
				CLANG_WARN_COMMA = YES;
				CLANG_WARN_CONSTANT_CONVERSION = YES;
				CLANG_WARN_DEPRECATED_OBJC_IMPLEMENTATIONS = YES;
				CLANG_WARN_DIRECT_OBJC_ISA_USAGE = YES_ERROR;
				CLANG_WARN_DOCUMENTATION_COMMENTS = YES;
				CLANG_WARN_EMPTY_BODY = YES;
				CLANG_WARN_ENUM_CONVERSION = YES;
				CLANG_WARN_INFINITE_RECURSION = YES;
				CLANG_WARN_INT_CONVERSION = YES;
				CLANG_WARN_NON_LITERAL_NULL_CONVERSION = YES;
				CLANG_WARN_OBJC_IMPLICIT_RETAIN_SELF = YES;
				CLANG_WARN_OBJC_LITERAL_CONVERSION = YES;
				CLANG_WARN_OBJC_ROOT_CLASS = YES_ERROR;
				CLANG_WARN_QUOTED_INCLUDE_IN_FRAMEWORK_HEADER = YES;
				CLANG_WARN_RANGE_LOOP_ANALYSIS = YES;
				CLANG_WARN_STRICT_PROTOTYPES = YES;
				CLANG_WARN_SUSPICIOUS_MOVE = YES;
				CLANG_WARN_UNGUARDED_AVAILABILITY = YES_AGGRESSIVE;
				CLANG_WARN_UNREACHABLE_CODE = YES;
				CLANG_WARN__DUPLICATE_METHOD_MATCH = YES;
				COPY_PHASE_STRIP = NO;
				DEBUG_INFORMATION_FORMAT = dwarf;
				ENABLE_STRICT_OBJC_MSGSEND = YES;
				ENABLE_TESTABILITY = YES;
				GCC_C_LANGUAGE_STANDARD = gnu11;
				GCC_DYNAMIC_NO_PIC = NO;
				GCC_NO_COMMON_BLOCKS = YES;
				GCC_OPTIMIZATION_LEVEL = 0;
				GCC_PREPROCESSOR_DEFINITIONS = (
					"DEBUG=1",
					"$(inherited)",
				);
				GCC_WARN_64_TO_32_BIT_CONVERSION = YES;
				GCC_WARN_ABOUT_RETURN_TYPE = YES_ERROR;
				GCC_WARN_UNDECLARED_SELECTOR = YES;
				GCC_WARN_UNINITIALIZED_AUTOS = YES_AGGRESSIVE;
				GCC_WARN_UNUSED_FUNCTION = YES;
				GCC_WARN_UNUSED_VARIABLE = YES;
				IPHONEOS_DEPLOYMENT_TARGET = 14.7;
				MTL_ENABLE_DEBUG_INFO = INCLUDE_SOURCE;
				MTL_FAST_MATH = YES;
				ONLY_ACTIVE_ARCH = YES;
				SDKROOT = iphoneos;
				SWIFT_ACTIVE_COMPILATION_CONDITIONS = DEBUG;
				SWIFT_OPTIMIZATION_LEVEL = "-Onone";
			};
			name = Debug;
		};
		66832AC22883B98D004B2B55 /* Release */ = {
			isa = XCBuildConfiguration;
			buildSettings = {
				ALWAYS_SEARCH_USER_PATHS = NO;
				CLANG_ANALYZER_NONNULL = YES;
				CLANG_ANALYZER_NUMBER_OBJECT_CONVERSION = YES_AGGRESSIVE;
				CLANG_CXX_LANGUAGE_STANDARD = "gnu++17";
				CLANG_CXX_LIBRARY = "libc++";
				CLANG_ENABLE_MODULES = YES;
				CLANG_ENABLE_OBJC_ARC = YES;
				CLANG_ENABLE_OBJC_WEAK = YES;
				CLANG_WARN_BLOCK_CAPTURE_AUTORELEASING = YES;
				CLANG_WARN_BOOL_CONVERSION = YES;
				CLANG_WARN_COMMA = YES;
				CLANG_WARN_CONSTANT_CONVERSION = YES;
				CLANG_WARN_DEPRECATED_OBJC_IMPLEMENTATIONS = YES;
				CLANG_WARN_DIRECT_OBJC_ISA_USAGE = YES_ERROR;
				CLANG_WARN_DOCUMENTATION_COMMENTS = YES;
				CLANG_WARN_EMPTY_BODY = YES;
				CLANG_WARN_ENUM_CONVERSION = YES;
				CLANG_WARN_INFINITE_RECURSION = YES;
				CLANG_WARN_INT_CONVERSION = YES;
				CLANG_WARN_NON_LITERAL_NULL_CONVERSION = YES;
				CLANG_WARN_OBJC_IMPLICIT_RETAIN_SELF = YES;
				CLANG_WARN_OBJC_LITERAL_CONVERSION = YES;
				CLANG_WARN_OBJC_ROOT_CLASS = YES_ERROR;
				CLANG_WARN_QUOTED_INCLUDE_IN_FRAMEWORK_HEADER = YES;
				CLANG_WARN_RANGE_LOOP_ANALYSIS = YES;
				CLANG_WARN_STRICT_PROTOTYPES = YES;
				CLANG_WARN_SUSPICIOUS_MOVE = YES;
				CLANG_WARN_UNGUARDED_AVAILABILITY = YES_AGGRESSIVE;
				CLANG_WARN_UNREACHABLE_CODE = YES;
				CLANG_WARN__DUPLICATE_METHOD_MATCH = YES;
				COPY_PHASE_STRIP = NO;
				DEBUG_INFORMATION_FORMAT = "dwarf-with-dsym";
				ENABLE_NS_ASSERTIONS = NO;
				ENABLE_STRICT_OBJC_MSGSEND = YES;
				GCC_C_LANGUAGE_STANDARD = gnu11;
				GCC_NO_COMMON_BLOCKS = YES;
				GCC_WARN_64_TO_32_BIT_CONVERSION = YES;
				GCC_WARN_ABOUT_RETURN_TYPE = YES_ERROR;
				GCC_WARN_UNDECLARED_SELECTOR = YES;
				GCC_WARN_UNINITIALIZED_AUTOS = YES_AGGRESSIVE;
				GCC_WARN_UNUSED_FUNCTION = YES;
				GCC_WARN_UNUSED_VARIABLE = YES;
				IPHONEOS_DEPLOYMENT_TARGET = 14.7;
				MTL_ENABLE_DEBUG_INFO = NO;
				MTL_FAST_MATH = YES;
				SDKROOT = iphoneos;
				SWIFT_COMPILATION_MODE = wholemodule;
				SWIFT_OPTIMIZATION_LEVEL = "-O";
				VALIDATE_PRODUCT = YES;
			};
			name = Release;
		};
		66832AC42883B98D004B2B55 /* Debug */ = {
			isa = XCBuildConfiguration;
			buildSettings = {
				ASSETCATALOG_COMPILER_APPICON_NAME = AppIcon;
				ASSETCATALOG_COMPILER_GLOBAL_ACCENT_COLOR_NAME = AccentColor;
				CODE_SIGN_STYLE = Automatic;
				CURRENT_PROJECT_VERSION = 1;
				GENERATE_INFOPLIST_FILE = YES;
				INFOPLIST_FILE = NASA/Info.plist;
				INFOPLIST_KEY_UIApplicationSupportsIndirectInputEvents = YES;
				INFOPLIST_KEY_UILaunchStoryboardName = LaunchScreen;
				INFOPLIST_KEY_UIMainStoryboardFile = Main;
				INFOPLIST_KEY_UISupportedInterfaceOrientations_iPad = "UIInterfaceOrientationPortrait UIInterfaceOrientationPortraitUpsideDown UIInterfaceOrientationLandscapeLeft UIInterfaceOrientationLandscapeRight";
				INFOPLIST_KEY_UISupportedInterfaceOrientations_iPhone = "UIInterfaceOrientationPortrait UIInterfaceOrientationLandscapeLeft UIInterfaceOrientationLandscapeRight";
				LD_RUNPATH_SEARCH_PATHS = (
					"$(inherited)",
					"@executable_path/Frameworks",
				);
				MARKETING_VERSION = 1.0;
				PRODUCT_BUNDLE_IDENTIFIER = com.vishal.NASA;
				PRODUCT_NAME = "$(TARGET_NAME)";
				SWIFT_EMIT_LOC_STRINGS = YES;
				SWIFT_VERSION = 5.0;
				TARGETED_DEVICE_FAMILY = "1,2";
			};
			name = Debug;
		};
		66832AC52883B98D004B2B55 /* Release */ = {
			isa = XCBuildConfiguration;
			buildSettings = {
				ASSETCATALOG_COMPILER_APPICON_NAME = AppIcon;
				ASSETCATALOG_COMPILER_GLOBAL_ACCENT_COLOR_NAME = AccentColor;
				CODE_SIGN_STYLE = Automatic;
				CURRENT_PROJECT_VERSION = 1;
				GENERATE_INFOPLIST_FILE = YES;
				INFOPLIST_FILE = NASA/Info.plist;
				INFOPLIST_KEY_UIApplicationSupportsIndirectInputEvents = YES;
				INFOPLIST_KEY_UILaunchStoryboardName = LaunchScreen;
				INFOPLIST_KEY_UIMainStoryboardFile = Main;
				INFOPLIST_KEY_UISupportedInterfaceOrientations_iPad = "UIInterfaceOrientationPortrait UIInterfaceOrientationPortraitUpsideDown UIInterfaceOrientationLandscapeLeft UIInterfaceOrientationLandscapeRight";
				INFOPLIST_KEY_UISupportedInterfaceOrientations_iPhone = "UIInterfaceOrientationPortrait UIInterfaceOrientationLandscapeLeft UIInterfaceOrientationLandscapeRight";
				LD_RUNPATH_SEARCH_PATHS = (
					"$(inherited)",
					"@executable_path/Frameworks",
				);
				MARKETING_VERSION = 1.0;
				PRODUCT_BUNDLE_IDENTIFIER = com.vishal.NASA;
				PRODUCT_NAME = "$(TARGET_NAME)";
				SWIFT_EMIT_LOC_STRINGS = YES;
				SWIFT_VERSION = 5.0;
				TARGETED_DEVICE_FAMILY = "1,2";
			};
			name = Release;
		};
		66832AC72883B98D004B2B55 /* Debug */ = {
			isa = XCBuildConfiguration;
			buildSettings = {
				ALWAYS_EMBED_SWIFT_STANDARD_LIBRARIES = YES;
				BUNDLE_LOADER = "$(TEST_HOST)";
				CODE_SIGN_STYLE = Automatic;
				CURRENT_PROJECT_VERSION = 1;
				GENERATE_INFOPLIST_FILE = YES;
				IPHONEOS_DEPLOYMENT_TARGET = 15.2;
				MARKETING_VERSION = 1.0;
				PRODUCT_BUNDLE_IDENTIFIER = com.vishal.NASATests;
				PRODUCT_NAME = "$(TARGET_NAME)";
				SWIFT_EMIT_LOC_STRINGS = NO;
				SWIFT_VERSION = 5.0;
				TARGETED_DEVICE_FAMILY = "1,2";
				TEST_HOST = "$(BUILT_PRODUCTS_DIR)/NASA.app/NASA";
			};
			name = Debug;
		};
		66832AC82883B98D004B2B55 /* Release */ = {
			isa = XCBuildConfiguration;
			buildSettings = {
				ALWAYS_EMBED_SWIFT_STANDARD_LIBRARIES = YES;
				BUNDLE_LOADER = "$(TEST_HOST)";
				CODE_SIGN_STYLE = Automatic;
				CURRENT_PROJECT_VERSION = 1;
				GENERATE_INFOPLIST_FILE = YES;
				IPHONEOS_DEPLOYMENT_TARGET = 15.2;
				MARKETING_VERSION = 1.0;
				PRODUCT_BUNDLE_IDENTIFIER = com.vishal.NASATests;
				PRODUCT_NAME = "$(TARGET_NAME)";
				SWIFT_EMIT_LOC_STRINGS = NO;
				SWIFT_VERSION = 5.0;
				TARGETED_DEVICE_FAMILY = "1,2";
				TEST_HOST = "$(BUILT_PRODUCTS_DIR)/NASA.app/NASA";
			};
			name = Release;
		};
		66832ACA2883B98D004B2B55 /* Debug */ = {
			isa = XCBuildConfiguration;
			buildSettings = {
				ALWAYS_EMBED_SWIFT_STANDARD_LIBRARIES = YES;
				CODE_SIGN_STYLE = Automatic;
				CURRENT_PROJECT_VERSION = 1;
				GENERATE_INFOPLIST_FILE = YES;
				MARKETING_VERSION = 1.0;
				PRODUCT_BUNDLE_IDENTIFIER = com.vishal.NASAUITests;
				PRODUCT_NAME = "$(TARGET_NAME)";
				SWIFT_EMIT_LOC_STRINGS = NO;
				SWIFT_VERSION = 5.0;
				TARGETED_DEVICE_FAMILY = "1,2";
				TEST_TARGET_NAME = NASA;
			};
			name = Debug;
		};
		66832ACB2883B98D004B2B55 /* Release */ = {
			isa = XCBuildConfiguration;
			buildSettings = {
				ALWAYS_EMBED_SWIFT_STANDARD_LIBRARIES = YES;
				CODE_SIGN_STYLE = Automatic;
				CURRENT_PROJECT_VERSION = 1;
				GENERATE_INFOPLIST_FILE = YES;
				MARKETING_VERSION = 1.0;
				PRODUCT_BUNDLE_IDENTIFIER = com.vishal.NASAUITests;
				PRODUCT_NAME = "$(TARGET_NAME)";
				SWIFT_EMIT_LOC_STRINGS = NO;
				SWIFT_VERSION = 5.0;
				TARGETED_DEVICE_FAMILY = "1,2";
				TEST_TARGET_NAME = NASA;
			};
			name = Release;
		};
/* End XCBuildConfiguration section */

/* Begin XCConfigurationList section */
		66832A912883B98B004B2B55 /* Build configuration list for PBXProject "NASA" */ = {
			isa = XCConfigurationList;
			buildConfigurations = (
				66832AC12883B98D004B2B55 /* Debug */,
				66832AC22883B98D004B2B55 /* Release */,
			);
			defaultConfigurationIsVisible = 0;
			defaultConfigurationName = Release;
		};
		66832AC32883B98D004B2B55 /* Build configuration list for PBXNativeTarget "NASA" */ = {
			isa = XCConfigurationList;
			buildConfigurations = (
				66832AC42883B98D004B2B55 /* Debug */,
				66832AC52883B98D004B2B55 /* Release */,
			);
			defaultConfigurationIsVisible = 0;
			defaultConfigurationName = Release;
		};
		66832AC62883B98D004B2B55 /* Build configuration list for PBXNativeTarget "NASATests" */ = {
			isa = XCConfigurationList;
			buildConfigurations = (
				66832AC72883B98D004B2B55 /* Debug */,
				66832AC82883B98D004B2B55 /* Release */,
			);
			defaultConfigurationIsVisible = 0;
			defaultConfigurationName = Release;
		};
		66832AC92883B98D004B2B55 /* Build configuration list for PBXNativeTarget "NASAUITests" */ = {
			isa = XCConfigurationList;
			buildConfigurations = (
				66832ACA2883B98D004B2B55 /* Debug */,
				66832ACB2883B98D004B2B55 /* Release */,
			);
			defaultConfigurationIsVisible = 0;
			defaultConfigurationName = Release;
		};
/* End XCConfigurationList section */

/* Begin XCVersionGroup section */
		66832AA22883B98B004B2B55 /* NASA.xcdatamodeld */ = {
			isa = XCVersionGroup;
			children = (
				66832AA32883B98B004B2B55 /* NASA.xcdatamodel */,
			);
			currentVersion = 66832AA32883B98B004B2B55 /* NASA.xcdatamodel */;
			path = NASA.xcdatamodeld;
			sourceTree = "<group>";
			versionGroupType = wrapper.xcdatamodel;
		};
/* End XCVersionGroup section */
	};
	rootObject = 66832A8E2883B98B004B2B55 /* Project object */;
}
